// !$*UTF8*$!
{
	archiveVersion = 1;
	classes = {
	};
	objectVersion = 46;
	objects = {

/* Begin PBXBuildFile section */
		2F3DCFAA1EE3EEBF0098AB91 /* SettingViewController.m in Sources */ = {isa = PBXBuildFile; fileRef = 2F3DCFA91EE3EEBF0098AB91 /* SettingViewController.m */; };
		2F43EA711EDB00990004D90A /* main.m in Sources */ = {isa = PBXBuildFile; fileRef = 2F43EA701EDB00990004D90A /* main.m */; };
		2F43EA741EDB00990004D90A /* AppDelegate.m in Sources */ = {isa = PBXBuildFile; fileRef = 2F43EA731EDB00990004D90A /* AppDelegate.m */; };
		2F43EA771EDB00990004D90A /* HomeViewController.m in Sources */ = {isa = PBXBuildFile; fileRef = 2F43EA761EDB00990004D90A /* HomeViewController.m */; };
		2F43EA7A1EDB00990004D90A /* Main.storyboard in Resources */ = {isa = PBXBuildFile; fileRef = 2F43EA781EDB00990004D90A /* Main.storyboard */; };
		2F43EA7C1EDB00990004D90A /* Assets.xcassets in Resources */ = {isa = PBXBuildFile; fileRef = 2F43EA7B1EDB00990004D90A /* Assets.xcassets */; };
		2F43EA7F1EDB00990004D90A /* LaunchScreen.storyboard in Resources */ = {isa = PBXBuildFile; fileRef = 2F43EA7D1EDB00990004D90A /* LaunchScreen.storyboard */; };
		2F43EA8A1EDB00990004D90A /* ImageBackUpHelperTests.m in Sources */ = {isa = PBXBuildFile; fileRef = 2F43EA891EDB00990004D90A /* ImageBackUpHelperTests.m */; };
		2F43EA951EDB00990004D90A /* ImageBackUpHelperUITests.m in Sources */ = {isa = PBXBuildFile; fileRef = 2F43EA941EDB00990004D90A /* ImageBackUpHelperUITests.m */; };
		2F4AC6AF1EE1B4FC002AA742 /* NSBundle+CTAssetsPickerController.m in Sources */ = {isa = PBXBuildFile; fileRef = 2F4AC66C1EE1B4FB002AA742 /* NSBundle+CTAssetsPickerController.m */; };
		2F4AC6B01EE1B4FC002AA742 /* NSDateFormatter+CTAssetsPickerController.m in Sources */ = {isa = PBXBuildFile; fileRef = 2F4AC66E1EE1B4FB002AA742 /* NSDateFormatter+CTAssetsPickerController.m */; };
		2F4AC6B11EE1B4FC002AA742 /* NSIndexSet+CTAssetsPickerController.m in Sources */ = {isa = PBXBuildFile; fileRef = 2F4AC6701EE1B4FB002AA742 /* NSIndexSet+CTAssetsPickerController.m */; };
		2F4AC6B21EE1B4FC002AA742 /* NSNumberFormatter+CTAssetsPickerController.m in Sources */ = {isa = PBXBuildFile; fileRef = 2F4AC6721EE1B4FB002AA742 /* NSNumberFormatter+CTAssetsPickerController.m */; };
		2F4AC6B31EE1B4FC002AA742 /* PHAsset+CTAssetsPickerController.m in Sources */ = {isa = PBXBuildFile; fileRef = 2F4AC6741EE1B4FB002AA742 /* PHAsset+CTAssetsPickerController.m */; };
		2F4AC6B41EE1B4FC002AA742 /* PHAssetCollection+CTAssetsPickerController.m in Sources */ = {isa = PBXBuildFile; fileRef = 2F4AC6761EE1B4FB002AA742 /* PHAssetCollection+CTAssetsPickerController.m */; };
		2F4AC6B51EE1B4FC002AA742 /* PHImageManager+CTAssetsPickerController.m in Sources */ = {isa = PBXBuildFile; fileRef = 2F4AC6781EE1B4FB002AA742 /* PHImageManager+CTAssetsPickerController.m */; };
		2F4AC6B61EE1B4FC002AA742 /* UICollectionView+CTAssetsPickerController.m in Sources */ = {isa = PBXBuildFile; fileRef = 2F4AC67A1EE1B4FB002AA742 /* UICollectionView+CTAssetsPickerController.m */; };
		2F4AC6B71EE1B4FC002AA742 /* UIImage+CTAssetsPickerController.m in Sources */ = {isa = PBXBuildFile; fileRef = 2F4AC67C1EE1B4FB002AA742 /* UIImage+CTAssetsPickerController.m */; };
		2F4AC6B81EE1B4FC002AA742 /* CTAssetCheckmark.m in Sources */ = {isa = PBXBuildFile; fileRef = 2F4AC67E1EE1B4FB002AA742 /* CTAssetCheckmark.m */; };
		2F4AC6B91EE1B4FC002AA742 /* CTAssetCollectionViewCell.m in Sources */ = {isa = PBXBuildFile; fileRef = 2F4AC6801EE1B4FB002AA742 /* CTAssetCollectionViewCell.m */; };
		2F4AC6BA1EE1B4FC002AA742 /* CTAssetCollectionViewController.m in Sources */ = {isa = PBXBuildFile; fileRef = 2F4AC6821EE1B4FB002AA742 /* CTAssetCollectionViewController.m */; };
		2F4AC6BB1EE1B4FC002AA742 /* CTAssetItemViewController.m in Sources */ = {isa = PBXBuildFile; fileRef = 2F4AC6841EE1B4FB002AA742 /* CTAssetItemViewController.m */; };
		2F4AC6BC1EE1B4FC002AA742 /* CTAssetPlayButton.m in Sources */ = {isa = PBXBuildFile; fileRef = 2F4AC6861EE1B4FB002AA742 /* CTAssetPlayButton.m */; };
		2F4AC6BD1EE1B4FC002AA742 /* CTAssetScrollView.m in Sources */ = {isa = PBXBuildFile; fileRef = 2F4AC6881EE1B4FB002AA742 /* CTAssetScrollView.m */; };
		2F4AC6BE1EE1B4FC002AA742 /* CTAssetSelectionButton.m in Sources */ = {isa = PBXBuildFile; fileRef = 2F4AC68A1EE1B4FB002AA742 /* CTAssetSelectionButton.m */; };
		2F4AC6BF1EE1B4FC002AA742 /* CTAssetSelectionLabel.m in Sources */ = {isa = PBXBuildFile; fileRef = 2F4AC68C1EE1B4FB002AA742 /* CTAssetSelectionLabel.m */; };
		2F4AC6C01EE1B4FC002AA742 /* CTAssetsGridSelectedView.m in Sources */ = {isa = PBXBuildFile; fileRef = 2F4AC68E1EE1B4FB002AA742 /* CTAssetsGridSelectedView.m */; };
		2F4AC6C11EE1B4FC002AA742 /* CTAssetsGridView.m in Sources */ = {isa = PBXBuildFile; fileRef = 2F4AC6901EE1B4FB002AA742 /* CTAssetsGridView.m */; };
		2F4AC6C21EE1B4FC002AA742 /* CTAssetsGridViewCell.m in Sources */ = {isa = PBXBuildFile; fileRef = 2F4AC6921EE1B4FB002AA742 /* CTAssetsGridViewCell.m */; };
		2F4AC6C31EE1B4FC002AA742 /* CTAssetsGridViewController.m in Sources */ = {isa = PBXBuildFile; fileRef = 2F4AC6941EE1B4FB002AA742 /* CTAssetsGridViewController.m */; };
		2F4AC6C41EE1B4FC002AA742 /* CTAssetsGridViewFooter.m in Sources */ = {isa = PBXBuildFile; fileRef = 2F4AC6961EE1B4FB002AA742 /* CTAssetsGridViewFooter.m */; };
		2F4AC6C51EE1B4FC002AA742 /* CTAssetsGridViewLayout.m in Sources */ = {isa = PBXBuildFile; fileRef = 2F4AC6981EE1B4FB002AA742 /* CTAssetsGridViewLayout.m */; };
		2F4AC6C61EE1B4FC002AA742 /* CTAssetsNavigationController.m in Sources */ = {isa = PBXBuildFile; fileRef = 2F4AC69A1EE1B4FB002AA742 /* CTAssetsNavigationController.m */; };
		2F4AC6C71EE1B4FC002AA742 /* CTAssetsPageView.m in Sources */ = {isa = PBXBuildFile; fileRef = 2F4AC69C1EE1B4FB002AA742 /* CTAssetsPageView.m */; };
		2F4AC6C81EE1B4FC002AA742 /* CTAssetsPageViewController.m in Sources */ = {isa = PBXBuildFile; fileRef = 2F4AC69E1EE1B4FB002AA742 /* CTAssetsPageViewController.m */; };
		2F4AC6C91EE1B4FC002AA742 /* CTAssetsPickerAccessDeniedView.m in Sources */ = {isa = PBXBuildFile; fileRef = 2F4AC6A01EE1B4FB002AA742 /* CTAssetsPickerAccessDeniedView.m */; };
		2F4AC6CA1EE1B4FC002AA742 /* CTAssetsPickerController.bundle in Resources */ = {isa = PBXBuildFile; fileRef = 2F4AC6A11EE1B4FB002AA742 /* CTAssetsPickerController.bundle */; };
		2F4AC6CB1EE1B4FC002AA742 /* CTAssetsPickerController.m in Sources */ = {isa = PBXBuildFile; fileRef = 2F4AC6A31EE1B4FC002AA742 /* CTAssetsPickerController.m */; };
		2F4AC6CC1EE1B4FC002AA742 /* CTAssetsPickerNoAssetsView.m in Sources */ = {isa = PBXBuildFile; fileRef = 2F4AC6A61EE1B4FC002AA742 /* CTAssetsPickerNoAssetsView.m */; };
		2F4AC6CD1EE1B4FC002AA742 /* CTAssetsViewControllerTransition.m in Sources */ = {isa = PBXBuildFile; fileRef = 2F4AC6A81EE1B4FC002AA742 /* CTAssetsViewControllerTransition.m */; };
		2F4AC6CE1EE1B4FC002AA742 /* CTAssetThumbnailOverlay.m in Sources */ = {isa = PBXBuildFile; fileRef = 2F4AC6AA1EE1B4FC002AA742 /* CTAssetThumbnailOverlay.m */; };
		2F4AC6CF1EE1B4FC002AA742 /* CTAssetThumbnailStacks.m in Sources */ = {isa = PBXBuildFile; fileRef = 2F4AC6AC1EE1B4FC002AA742 /* CTAssetThumbnailStacks.m */; };
		2F4AC6D01EE1B4FC002AA742 /* CTAssetThumbnailView.m in Sources */ = {isa = PBXBuildFile; fileRef = 2F4AC6AE1EE1B4FC002AA742 /* CTAssetThumbnailView.m */; };
		2F4AC6DB1EE1B508002AA742 /* ALView+PureLayout.m in Sources */ = {isa = PBXBuildFile; fileRef = 2F4AC6D31EE1B508002AA742 /* ALView+PureLayout.m */; };
		2F4AC6DC1EE1B508002AA742 /* NSArray+PureLayout.m in Sources */ = {isa = PBXBuildFile; fileRef = 2F4AC6D51EE1B508002AA742 /* NSArray+PureLayout.m */; };
		2F4AC6DD1EE1B508002AA742 /* NSLayoutConstraint+PureLayout.m in Sources */ = {isa = PBXBuildFile; fileRef = 2F4AC6D71EE1B508002AA742 /* NSLayoutConstraint+PureLayout.m */; };
		2FA2EFFC1EDEF7580000B823 /* AFHTTPSessionManager.m in Sources */ = {isa = PBXBuildFile; fileRef = 2FA2EFF01EDEF7580000B823 /* AFHTTPSessionManager.m */; };
		2FA2EFFD1EDEF7580000B823 /* AFNetworkReachabilityManager.m in Sources */ = {isa = PBXBuildFile; fileRef = 2FA2EFF31EDEF7580000B823 /* AFNetworkReachabilityManager.m */; };
		2FA2EFFE1EDEF7580000B823 /* AFSecurityPolicy.m in Sources */ = {isa = PBXBuildFile; fileRef = 2FA2EFF51EDEF7580000B823 /* AFSecurityPolicy.m */; };
		2FA2EFFF1EDEF7580000B823 /* AFURLRequestSerialization.m in Sources */ = {isa = PBXBuildFile; fileRef = 2FA2EFF71EDEF7580000B823 /* AFURLRequestSerialization.m */; };
		2FA2F0001EDEF7580000B823 /* AFURLResponseSerialization.m in Sources */ = {isa = PBXBuildFile; fileRef = 2FA2EFF91EDEF7580000B823 /* AFURLResponseSerialization.m */; };
		2FA2F0011EDEF7580000B823 /* AFURLSessionManager.m in Sources */ = {isa = PBXBuildFile; fileRef = 2FA2EFFB1EDEF7580000B823 /* AFURLSessionManager.m */; };
		A35B8F061EE0078A00BDBEED /* AFAutoPurgingImageCache.m in Sources */ = {isa = PBXBuildFile; fileRef = A35B8EF31EE0078A00BDBEED /* AFAutoPurgingImageCache.m */; };
		A35B8F071EE0078A00BDBEED /* AFImageDownloader.m in Sources */ = {isa = PBXBuildFile; fileRef = A35B8EF51EE0078A00BDBEED /* AFImageDownloader.m */; };
		A35B8F081EE0078A00BDBEED /* AFNetworkActivityIndicatorManager.m in Sources */ = {isa = PBXBuildFile; fileRef = A35B8EF71EE0078A00BDBEED /* AFNetworkActivityIndicatorManager.m */; };
		A35B8F091EE0078A00BDBEED /* UIActivityIndicatorView+AFNetworking.m in Sources */ = {isa = PBXBuildFile; fileRef = A35B8EF91EE0078A00BDBEED /* UIActivityIndicatorView+AFNetworking.m */; };
		A35B8F0A1EE0078A00BDBEED /* UIButton+AFNetworking.m in Sources */ = {isa = PBXBuildFile; fileRef = A35B8EFB1EE0078A00BDBEED /* UIButton+AFNetworking.m */; };
		A35B8F0B1EE0078A00BDBEED /* UIImageView+AFNetworking.m in Sources */ = {isa = PBXBuildFile; fileRef = A35B8EFE1EE0078A00BDBEED /* UIImageView+AFNetworking.m */; };
		A35B8F0C1EE0078A00BDBEED /* UIProgressView+AFNetworking.m in Sources */ = {isa = PBXBuildFile; fileRef = A35B8F011EE0078A00BDBEED /* UIProgressView+AFNetworking.m */; };
		A35B8F0D1EE0078A00BDBEED /* UIRefreshControl+AFNetworking.m in Sources */ = {isa = PBXBuildFile; fileRef = A35B8F031EE0078A00BDBEED /* UIRefreshControl+AFNetworking.m */; };
		A35B8F0E1EE0078A00BDBEED /* UIWebView+AFNetworking.m in Sources */ = {isa = PBXBuildFile; fileRef = A35B8F051EE0078A00BDBEED /* UIWebView+AFNetworking.m */; };
		A35B90341EE01AC100BDBEED /* ImageSelectViewController.m in Sources */ = {isa = PBXBuildFile; fileRef = A35B90331EE01AC100BDBEED /* ImageSelectViewController.m */; };
		A3D97C7C1EE8120E00061DC5 /* UploadManager.m in Sources */ = {isa = PBXBuildFile; fileRef = A3D97C7B1EE8120E00061DC5 /* UploadManager.m */; };
/* End PBXBuildFile section */

/* Begin PBXContainerItemProxy section */
		2F43EA861EDB00990004D90A /* PBXContainerItemProxy */ = {
			isa = PBXContainerItemProxy;
			containerPortal = 2F43EA641EDB00990004D90A /* Project object */;
			proxyType = 1;
			remoteGlobalIDString = 2F43EA6B1EDB00990004D90A;
			remoteInfo = ImageBackUpHelper;
		};
		2F43EA911EDB00990004D90A /* PBXContainerItemProxy */ = {
			isa = PBXContainerItemProxy;
			containerPortal = 2F43EA641EDB00990004D90A /* Project object */;
			proxyType = 1;
			remoteGlobalIDString = 2F43EA6B1EDB00990004D90A;
			remoteInfo = ImageBackUpHelper;
		};
/* End PBXContainerItemProxy section */

/* Begin PBXFileReference section */
		2F3DCFA81EE3EEBF0098AB91 /* SettingViewController.h */ = {isa = PBXFileReference; fileEncoding = 4; lastKnownFileType = sourcecode.c.h; path = SettingViewController.h; sourceTree = "<group>"; };
		2F3DCFA91EE3EEBF0098AB91 /* SettingViewController.m */ = {isa = PBXFileReference; fileEncoding = 4; lastKnownFileType = sourcecode.c.objc; path = SettingViewController.m; sourceTree = "<group>"; };
		2F43EA6C1EDB00990004D90A /* ImageBackUpHelper.app */ = {isa = PBXFileReference; explicitFileType = wrapper.application; includeInIndex = 0; path = ImageBackUpHelper.app; sourceTree = BUILT_PRODUCTS_DIR; };
		2F43EA701EDB00990004D90A /* main.m */ = {isa = PBXFileReference; lastKnownFileType = sourcecode.c.objc; path = main.m; sourceTree = "<group>"; };
		2F43EA721EDB00990004D90A /* AppDelegate.h */ = {isa = PBXFileReference; lastKnownFileType = sourcecode.c.h; path = AppDelegate.h; sourceTree = "<group>"; };
		2F43EA731EDB00990004D90A /* AppDelegate.m */ = {isa = PBXFileReference; lastKnownFileType = sourcecode.c.objc; path = AppDelegate.m; sourceTree = "<group>"; };
		2F43EA751EDB00990004D90A /* HomeViewController.h */ = {isa = PBXFileReference; lastKnownFileType = sourcecode.c.h; path = HomeViewController.h; sourceTree = "<group>"; };
		2F43EA761EDB00990004D90A /* HomeViewController.m */ = {isa = PBXFileReference; lastKnownFileType = sourcecode.c.objc; path = HomeViewController.m; sourceTree = "<group>"; };
		2F43EA791EDB00990004D90A /* Base */ = {isa = PBXFileReference; lastKnownFileType = file.storyboard; name = Base; path = Base.lproj/Main.storyboard; sourceTree = "<group>"; };
		2F43EA7B1EDB00990004D90A /* Assets.xcassets */ = {isa = PBXFileReference; lastKnownFileType = folder.assetcatalog; path = Assets.xcassets; sourceTree = "<group>"; };
		2F43EA7E1EDB00990004D90A /* Base */ = {isa = PBXFileReference; lastKnownFileType = file.storyboard; name = Base; path = Base.lproj/LaunchScreen.storyboard; sourceTree = "<group>"; };
		2F43EA801EDB00990004D90A /* Info.plist */ = {isa = PBXFileReference; lastKnownFileType = text.plist.xml; path = Info.plist; sourceTree = "<group>"; };
		2F43EA851EDB00990004D90A /* ImageBackUpHelperTests.xctest */ = {isa = PBXFileReference; explicitFileType = wrapper.cfbundle; includeInIndex = 0; path = ImageBackUpHelperTests.xctest; sourceTree = BUILT_PRODUCTS_DIR; };
		2F43EA891EDB00990004D90A /* ImageBackUpHelperTests.m */ = {isa = PBXFileReference; lastKnownFileType = sourcecode.c.objc; path = ImageBackUpHelperTests.m; sourceTree = "<group>"; };
		2F43EA8B1EDB00990004D90A /* Info.plist */ = {isa = PBXFileReference; lastKnownFileType = text.plist.xml; path = Info.plist; sourceTree = "<group>"; };
		2F43EA901EDB00990004D90A /* ImageBackUpHelperUITests.xctest */ = {isa = PBXFileReference; explicitFileType = wrapper.cfbundle; includeInIndex = 0; path = ImageBackUpHelperUITests.xctest; sourceTree = BUILT_PRODUCTS_DIR; };
		2F43EA941EDB00990004D90A /* ImageBackUpHelperUITests.m */ = {isa = PBXFileReference; lastKnownFileType = sourcecode.c.objc; path = ImageBackUpHelperUITests.m; sourceTree = "<group>"; };
		2F43EA961EDB00990004D90A /* Info.plist */ = {isa = PBXFileReference; lastKnownFileType = text.plist.xml; path = Info.plist; sourceTree = "<group>"; };
		2F4AC6691EE1B4FB002AA742 /* CTAssetsPageViewController+Internal.h */ = {isa = PBXFileReference; fileEncoding = 4; lastKnownFileType = sourcecode.c.h; path = "CTAssetsPageViewController+Internal.h"; sourceTree = "<group>"; };
		2F4AC66A1EE1B4FB002AA742 /* CTAssetsPickerController+Internal.h */ = {isa = PBXFileReference; fileEncoding = 4; lastKnownFileType = sourcecode.c.h; path = "CTAssetsPickerController+Internal.h"; sourceTree = "<group>"; };
		2F4AC66B1EE1B4FB002AA742 /* NSBundle+CTAssetsPickerController.h */ = {isa = PBXFileReference; fileEncoding = 4; lastKnownFileType = sourcecode.c.h; path = "NSBundle+CTAssetsPickerController.h"; sourceTree = "<group>"; };
		2F4AC66C1EE1B4FB002AA742 /* NSBundle+CTAssetsPickerController.m */ = {isa = PBXFileReference; fileEncoding = 4; lastKnownFileType = sourcecode.c.objc; path = "NSBundle+CTAssetsPickerController.m"; sourceTree = "<group>"; };
		2F4AC66D1EE1B4FB002AA742 /* NSDateFormatter+CTAssetsPickerController.h */ = {isa = PBXFileReference; fileEncoding = 4; lastKnownFileType = sourcecode.c.h; path = "NSDateFormatter+CTAssetsPickerController.h"; sourceTree = "<group>"; };
		2F4AC66E1EE1B4FB002AA742 /* NSDateFormatter+CTAssetsPickerController.m */ = {isa = PBXFileReference; fileEncoding = 4; lastKnownFileType = sourcecode.c.objc; path = "NSDateFormatter+CTAssetsPickerController.m"; sourceTree = "<group>"; };
		2F4AC66F1EE1B4FB002AA742 /* NSIndexSet+CTAssetsPickerController.h */ = {isa = PBXFileReference; fileEncoding = 4; lastKnownFileType = sourcecode.c.h; path = "NSIndexSet+CTAssetsPickerController.h"; sourceTree = "<group>"; };
		2F4AC6701EE1B4FB002AA742 /* NSIndexSet+CTAssetsPickerController.m */ = {isa = PBXFileReference; fileEncoding = 4; lastKnownFileType = sourcecode.c.objc; path = "NSIndexSet+CTAssetsPickerController.m"; sourceTree = "<group>"; };
		2F4AC6711EE1B4FB002AA742 /* NSNumberFormatter+CTAssetsPickerController.h */ = {isa = PBXFileReference; fileEncoding = 4; lastKnownFileType = sourcecode.c.h; path = "NSNumberFormatter+CTAssetsPickerController.h"; sourceTree = "<group>"; };
		2F4AC6721EE1B4FB002AA742 /* NSNumberFormatter+CTAssetsPickerController.m */ = {isa = PBXFileReference; fileEncoding = 4; lastKnownFileType = sourcecode.c.objc; path = "NSNumberFormatter+CTAssetsPickerController.m"; sourceTree = "<group>"; };
		2F4AC6731EE1B4FB002AA742 /* PHAsset+CTAssetsPickerController.h */ = {isa = PBXFileReference; fileEncoding = 4; lastKnownFileType = sourcecode.c.h; path = "PHAsset+CTAssetsPickerController.h"; sourceTree = "<group>"; };
		2F4AC6741EE1B4FB002AA742 /* PHAsset+CTAssetsPickerController.m */ = {isa = PBXFileReference; fileEncoding = 4; lastKnownFileType = sourcecode.c.objc; path = "PHAsset+CTAssetsPickerController.m"; sourceTree = "<group>"; };
		2F4AC6751EE1B4FB002AA742 /* PHAssetCollection+CTAssetsPickerController.h */ = {isa = PBXFileReference; fileEncoding = 4; lastKnownFileType = sourcecode.c.h; path = "PHAssetCollection+CTAssetsPickerController.h"; sourceTree = "<group>"; };
		2F4AC6761EE1B4FB002AA742 /* PHAssetCollection+CTAssetsPickerController.m */ = {isa = PBXFileReference; fileEncoding = 4; lastKnownFileType = sourcecode.c.objc; path = "PHAssetCollection+CTAssetsPickerController.m"; sourceTree = "<group>"; };
		2F4AC6771EE1B4FB002AA742 /* PHImageManager+CTAssetsPickerController.h */ = {isa = PBXFileReference; fileEncoding = 4; lastKnownFileType = sourcecode.c.h; path = "PHImageManager+CTAssetsPickerController.h"; sourceTree = "<group>"; };
		2F4AC6781EE1B4FB002AA742 /* PHImageManager+CTAssetsPickerController.m */ = {isa = PBXFileReference; fileEncoding = 4; lastKnownFileType = sourcecode.c.objc; path = "PHImageManager+CTAssetsPickerController.m"; sourceTree = "<group>"; };
		2F4AC6791EE1B4FB002AA742 /* UICollectionView+CTAssetsPickerController.h */ = {isa = PBXFileReference; fileEncoding = 4; lastKnownFileType = sourcecode.c.h; path = "UICollectionView+CTAssetsPickerController.h"; sourceTree = "<group>"; };
		2F4AC67A1EE1B4FB002AA742 /* UICollectionView+CTAssetsPickerController.m */ = {isa = PBXFileReference; fileEncoding = 4; lastKnownFileType = sourcecode.c.objc; path = "UICollectionView+CTAssetsPickerController.m"; sourceTree = "<group>"; };
		2F4AC67B1EE1B4FB002AA742 /* UIImage+CTAssetsPickerController.h */ = {isa = PBXFileReference; fileEncoding = 4; lastKnownFileType = sourcecode.c.h; path = "UIImage+CTAssetsPickerController.h"; sourceTree = "<group>"; };
		2F4AC67C1EE1B4FB002AA742 /* UIImage+CTAssetsPickerController.m */ = {isa = PBXFileReference; fileEncoding = 4; lastKnownFileType = sourcecode.c.objc; path = "UIImage+CTAssetsPickerController.m"; sourceTree = "<group>"; };
		2F4AC67D1EE1B4FB002AA742 /* CTAssetCheckmark.h */ = {isa = PBXFileReference; fileEncoding = 4; lastKnownFileType = sourcecode.c.h; path = CTAssetCheckmark.h; sourceTree = "<group>"; };
		2F4AC67E1EE1B4FB002AA742 /* CTAssetCheckmark.m */ = {isa = PBXFileReference; fileEncoding = 4; lastKnownFileType = sourcecode.c.objc; path = CTAssetCheckmark.m; sourceTree = "<group>"; };
		2F4AC67F1EE1B4FB002AA742 /* CTAssetCollectionViewCell.h */ = {isa = PBXFileReference; fileEncoding = 4; lastKnownFileType = sourcecode.c.h; path = CTAssetCollectionViewCell.h; sourceTree = "<group>"; };
		2F4AC6801EE1B4FB002AA742 /* CTAssetCollectionViewCell.m */ = {isa = PBXFileReference; fileEncoding = 4; lastKnownFileType = sourcecode.c.objc; path = CTAssetCollectionViewCell.m; sourceTree = "<group>"; };
		2F4AC6811EE1B4FB002AA742 /* CTAssetCollectionViewController.h */ = {isa = PBXFileReference; fileEncoding = 4; lastKnownFileType = sourcecode.c.h; path = CTAssetCollectionViewController.h; sourceTree = "<group>"; };
		2F4AC6821EE1B4FB002AA742 /* CTAssetCollectionViewController.m */ = {isa = PBXFileReference; fileEncoding = 4; lastKnownFileType = sourcecode.c.objc; path = CTAssetCollectionViewController.m; sourceTree = "<group>"; };
		2F4AC6831EE1B4FB002AA742 /* CTAssetItemViewController.h */ = {isa = PBXFileReference; fileEncoding = 4; lastKnownFileType = sourcecode.c.h; path = CTAssetItemViewController.h; sourceTree = "<group>"; };
		2F4AC6841EE1B4FB002AA742 /* CTAssetItemViewController.m */ = {isa = PBXFileReference; fileEncoding = 4; lastKnownFileType = sourcecode.c.objc; path = CTAssetItemViewController.m; sourceTree = "<group>"; };
		2F4AC6851EE1B4FB002AA742 /* CTAssetPlayButton.h */ = {isa = PBXFileReference; fileEncoding = 4; lastKnownFileType = sourcecode.c.h; path = CTAssetPlayButton.h; sourceTree = "<group>"; };
		2F4AC6861EE1B4FB002AA742 /* CTAssetPlayButton.m */ = {isa = PBXFileReference; fileEncoding = 4; lastKnownFileType = sourcecode.c.objc; path = CTAssetPlayButton.m; sourceTree = "<group>"; };
		2F4AC6871EE1B4FB002AA742 /* CTAssetScrollView.h */ = {isa = PBXFileReference; fileEncoding = 4; lastKnownFileType = sourcecode.c.h; path = CTAssetScrollView.h; sourceTree = "<group>"; };
		2F4AC6881EE1B4FB002AA742 /* CTAssetScrollView.m */ = {isa = PBXFileReference; fileEncoding = 4; lastKnownFileType = sourcecode.c.objc; path = CTAssetScrollView.m; sourceTree = "<group>"; };
		2F4AC6891EE1B4FB002AA742 /* CTAssetSelectionButton.h */ = {isa = PBXFileReference; fileEncoding = 4; lastKnownFileType = sourcecode.c.h; path = CTAssetSelectionButton.h; sourceTree = "<group>"; };
		2F4AC68A1EE1B4FB002AA742 /* CTAssetSelectionButton.m */ = {isa = PBXFileReference; fileEncoding = 4; lastKnownFileType = sourcecode.c.objc; path = CTAssetSelectionButton.m; sourceTree = "<group>"; };
		2F4AC68B1EE1B4FB002AA742 /* CTAssetSelectionLabel.h */ = {isa = PBXFileReference; fileEncoding = 4; lastKnownFileType = sourcecode.c.h; path = CTAssetSelectionLabel.h; sourceTree = "<group>"; };
		2F4AC68C1EE1B4FB002AA742 /* CTAssetSelectionLabel.m */ = {isa = PBXFileReference; fileEncoding = 4; lastKnownFileType = sourcecode.c.objc; path = CTAssetSelectionLabel.m; sourceTree = "<group>"; };
		2F4AC68D1EE1B4FB002AA742 /* CTAssetsGridSelectedView.h */ = {isa = PBXFileReference; fileEncoding = 4; lastKnownFileType = sourcecode.c.h; path = CTAssetsGridSelectedView.h; sourceTree = "<group>"; };
		2F4AC68E1EE1B4FB002AA742 /* CTAssetsGridSelectedView.m */ = {isa = PBXFileReference; fileEncoding = 4; lastKnownFileType = sourcecode.c.objc; path = CTAssetsGridSelectedView.m; sourceTree = "<group>"; };
		2F4AC68F1EE1B4FB002AA742 /* CTAssetsGridView.h */ = {isa = PBXFileReference; fileEncoding = 4; lastKnownFileType = sourcecode.c.h; path = CTAssetsGridView.h; sourceTree = "<group>"; };
		2F4AC6901EE1B4FB002AA742 /* CTAssetsGridView.m */ = {isa = PBXFileReference; fileEncoding = 4; lastKnownFileType = sourcecode.c.objc; path = CTAssetsGridView.m; sourceTree = "<group>"; };
		2F4AC6911EE1B4FB002AA742 /* CTAssetsGridViewCell.h */ = {isa = PBXFileReference; fileEncoding = 4; lastKnownFileType = sourcecode.c.h; path = CTAssetsGridViewCell.h; sourceTree = "<group>"; };
		2F4AC6921EE1B4FB002AA742 /* CTAssetsGridViewCell.m */ = {isa = PBXFileReference; fileEncoding = 4; lastKnownFileType = sourcecode.c.objc; path = CTAssetsGridViewCell.m; sourceTree = "<group>"; };
		2F4AC6931EE1B4FB002AA742 /* CTAssetsGridViewController.h */ = {isa = PBXFileReference; fileEncoding = 4; lastKnownFileType = sourcecode.c.h; path = CTAssetsGridViewController.h; sourceTree = "<group>"; };
		2F4AC6941EE1B4FB002AA742 /* CTAssetsGridViewController.m */ = {isa = PBXFileReference; fileEncoding = 4; lastKnownFileType = sourcecode.c.objc; path = CTAssetsGridViewController.m; sourceTree = "<group>"; };
		2F4AC6951EE1B4FB002AA742 /* CTAssetsGridViewFooter.h */ = {isa = PBXFileReference; fileEncoding = 4; lastKnownFileType = sourcecode.c.h; path = CTAssetsGridViewFooter.h; sourceTree = "<group>"; };
		2F4AC6961EE1B4FB002AA742 /* CTAssetsGridViewFooter.m */ = {isa = PBXFileReference; fileEncoding = 4; lastKnownFileType = sourcecode.c.objc; path = CTAssetsGridViewFooter.m; sourceTree = "<group>"; };
		2F4AC6971EE1B4FB002AA742 /* CTAssetsGridViewLayout.h */ = {isa = PBXFileReference; fileEncoding = 4; lastKnownFileType = sourcecode.c.h; path = CTAssetsGridViewLayout.h; sourceTree = "<group>"; };
		2F4AC6981EE1B4FB002AA742 /* CTAssetsGridViewLayout.m */ = {isa = PBXFileReference; fileEncoding = 4; lastKnownFileType = sourcecode.c.objc; path = CTAssetsGridViewLayout.m; sourceTree = "<group>"; };
		2F4AC6991EE1B4FB002AA742 /* CTAssetsNavigationController.h */ = {isa = PBXFileReference; fileEncoding = 4; lastKnownFileType = sourcecode.c.h; path = CTAssetsNavigationController.h; sourceTree = "<group>"; };
		2F4AC69A1EE1B4FB002AA742 /* CTAssetsNavigationController.m */ = {isa = PBXFileReference; fileEncoding = 4; lastKnownFileType = sourcecode.c.objc; path = CTAssetsNavigationController.m; sourceTree = "<group>"; };
		2F4AC69B1EE1B4FB002AA742 /* CTAssetsPageView.h */ = {isa = PBXFileReference; fileEncoding = 4; lastKnownFileType = sourcecode.c.h; path = CTAssetsPageView.h; sourceTree = "<group>"; };
		2F4AC69C1EE1B4FB002AA742 /* CTAssetsPageView.m */ = {isa = PBXFileReference; fileEncoding = 4; lastKnownFileType = sourcecode.c.objc; path = CTAssetsPageView.m; sourceTree = "<group>"; };
		2F4AC69D1EE1B4FB002AA742 /* CTAssetsPageViewController.h */ = {isa = PBXFileReference; fileEncoding = 4; lastKnownFileType = sourcecode.c.h; path = CTAssetsPageViewController.h; sourceTree = "<group>"; };
		2F4AC69E1EE1B4FB002AA742 /* CTAssetsPageViewController.m */ = {isa = PBXFileReference; fileEncoding = 4; lastKnownFileType = sourcecode.c.objc; path = CTAssetsPageViewController.m; sourceTree = "<group>"; };
		2F4AC69F1EE1B4FB002AA742 /* CTAssetsPickerAccessDeniedView.h */ = {isa = PBXFileReference; fileEncoding = 4; lastKnownFileType = sourcecode.c.h; path = CTAssetsPickerAccessDeniedView.h; sourceTree = "<group>"; };
		2F4AC6A01EE1B4FB002AA742 /* CTAssetsPickerAccessDeniedView.m */ = {isa = PBXFileReference; fileEncoding = 4; lastKnownFileType = sourcecode.c.objc; path = CTAssetsPickerAccessDeniedView.m; sourceTree = "<group>"; };
		2F4AC6A11EE1B4FB002AA742 /* CTAssetsPickerController.bundle */ = {isa = PBXFileReference; lastKnownFileType = "wrapper.plug-in"; path = CTAssetsPickerController.bundle; sourceTree = "<group>"; };
		2F4AC6A21EE1B4FC002AA742 /* CTAssetsPickerController.h */ = {isa = PBXFileReference; fileEncoding = 4; lastKnownFileType = sourcecode.c.h; path = CTAssetsPickerController.h; sourceTree = "<group>"; };
		2F4AC6A31EE1B4FC002AA742 /* CTAssetsPickerController.m */ = {isa = PBXFileReference; fileEncoding = 4; lastKnownFileType = sourcecode.c.objc; path = CTAssetsPickerController.m; sourceTree = "<group>"; };
		2F4AC6A41EE1B4FC002AA742 /* CTAssetsPickerDefines.h */ = {isa = PBXFileReference; fileEncoding = 4; lastKnownFileType = sourcecode.c.h; path = CTAssetsPickerDefines.h; sourceTree = "<group>"; };
		2F4AC6A51EE1B4FC002AA742 /* CTAssetsPickerNoAssetsView.h */ = {isa = PBXFileReference; fileEncoding = 4; lastKnownFileType = sourcecode.c.h; path = CTAssetsPickerNoAssetsView.h; sourceTree = "<group>"; };
		2F4AC6A61EE1B4FC002AA742 /* CTAssetsPickerNoAssetsView.m */ = {isa = PBXFileReference; fileEncoding = 4; lastKnownFileType = sourcecode.c.objc; path = CTAssetsPickerNoAssetsView.m; sourceTree = "<group>"; };
		2F4AC6A71EE1B4FC002AA742 /* CTAssetsViewControllerTransition.h */ = {isa = PBXFileReference; fileEncoding = 4; lastKnownFileType = sourcecode.c.h; path = CTAssetsViewControllerTransition.h; sourceTree = "<group>"; };
		2F4AC6A81EE1B4FC002AA742 /* CTAssetsViewControllerTransition.m */ = {isa = PBXFileReference; fileEncoding = 4; lastKnownFileType = sourcecode.c.objc; path = CTAssetsViewControllerTransition.m; sourceTree = "<group>"; };
		2F4AC6A91EE1B4FC002AA742 /* CTAssetThumbnailOverlay.h */ = {isa = PBXFileReference; fileEncoding = 4; lastKnownFileType = sourcecode.c.h; path = CTAssetThumbnailOverlay.h; sourceTree = "<group>"; };
		2F4AC6AA1EE1B4FC002AA742 /* CTAssetThumbnailOverlay.m */ = {isa = PBXFileReference; fileEncoding = 4; lastKnownFileType = sourcecode.c.objc; path = CTAssetThumbnailOverlay.m; sourceTree = "<group>"; };
		2F4AC6AB1EE1B4FC002AA742 /* CTAssetThumbnailStacks.h */ = {isa = PBXFileReference; fileEncoding = 4; lastKnownFileType = sourcecode.c.h; path = CTAssetThumbnailStacks.h; sourceTree = "<group>"; };
		2F4AC6AC1EE1B4FC002AA742 /* CTAssetThumbnailStacks.m */ = {isa = PBXFileReference; fileEncoding = 4; lastKnownFileType = sourcecode.c.objc; path = CTAssetThumbnailStacks.m; sourceTree = "<group>"; };
		2F4AC6AD1EE1B4FC002AA742 /* CTAssetThumbnailView.h */ = {isa = PBXFileReference; fileEncoding = 4; lastKnownFileType = sourcecode.c.h; path = CTAssetThumbnailView.h; sourceTree = "<group>"; };
		2F4AC6AE1EE1B4FC002AA742 /* CTAssetThumbnailView.m */ = {isa = PBXFileReference; fileEncoding = 4; lastKnownFileType = sourcecode.c.objc; path = CTAssetThumbnailView.m; sourceTree = "<group>"; };
		2F4AC6D21EE1B508002AA742 /* ALView+PureLayout.h */ = {isa = PBXFileReference; fileEncoding = 4; lastKnownFileType = sourcecode.c.h; path = "ALView+PureLayout.h"; sourceTree = "<group>"; };
		2F4AC6D31EE1B508002AA742 /* ALView+PureLayout.m */ = {isa = PBXFileReference; fileEncoding = 4; lastKnownFileType = sourcecode.c.objc; path = "ALView+PureLayout.m"; sourceTree = "<group>"; };
		2F4AC6D41EE1B508002AA742 /* NSArray+PureLayout.h */ = {isa = PBXFileReference; fileEncoding = 4; lastKnownFileType = sourcecode.c.h; path = "NSArray+PureLayout.h"; sourceTree = "<group>"; };
		2F4AC6D51EE1B508002AA742 /* NSArray+PureLayout.m */ = {isa = PBXFileReference; fileEncoding = 4; lastKnownFileType = sourcecode.c.objc; path = "NSArray+PureLayout.m"; sourceTree = "<group>"; };
		2F4AC6D61EE1B508002AA742 /* NSLayoutConstraint+PureLayout.h */ = {isa = PBXFileReference; fileEncoding = 4; lastKnownFileType = sourcecode.c.h; path = "NSLayoutConstraint+PureLayout.h"; sourceTree = "<group>"; };
		2F4AC6D71EE1B508002AA742 /* NSLayoutConstraint+PureLayout.m */ = {isa = PBXFileReference; fileEncoding = 4; lastKnownFileType = sourcecode.c.objc; path = "NSLayoutConstraint+PureLayout.m"; sourceTree = "<group>"; };
		2F4AC6D81EE1B508002AA742 /* PureLayout+Internal.h */ = {isa = PBXFileReference; fileEncoding = 4; lastKnownFileType = sourcecode.c.h; path = "PureLayout+Internal.h"; sourceTree = "<group>"; };
		2F4AC6D91EE1B508002AA742 /* PureLayout.h */ = {isa = PBXFileReference; fileEncoding = 4; lastKnownFileType = sourcecode.c.h; path = PureLayout.h; sourceTree = "<group>"; };
		2F4AC6DA1EE1B508002AA742 /* PureLayoutDefines.h */ = {isa = PBXFileReference; fileEncoding = 4; lastKnownFileType = sourcecode.c.h; path = PureLayoutDefines.h; sourceTree = "<group>"; };
		2FA2EFEF1EDEF7580000B823 /* AFHTTPSessionManager.h */ = {isa = PBXFileReference; fileEncoding = 4; lastKnownFileType = sourcecode.c.h; path = AFHTTPSessionManager.h; sourceTree = "<group>"; };
		2FA2EFF01EDEF7580000B823 /* AFHTTPSessionManager.m */ = {isa = PBXFileReference; fileEncoding = 4; lastKnownFileType = sourcecode.c.objc; path = AFHTTPSessionManager.m; sourceTree = "<group>"; };
		2FA2EFF11EDEF7580000B823 /* AFNetworking.h */ = {isa = PBXFileReference; fileEncoding = 4; lastKnownFileType = sourcecode.c.h; path = AFNetworking.h; sourceTree = "<group>"; };
		2FA2EFF21EDEF7580000B823 /* AFNetworkReachabilityManager.h */ = {isa = PBXFileReference; fileEncoding = 4; lastKnownFileType = sourcecode.c.h; path = AFNetworkReachabilityManager.h; sourceTree = "<group>"; };
		2FA2EFF31EDEF7580000B823 /* AFNetworkReachabilityManager.m */ = {isa = PBXFileReference; fileEncoding = 4; lastKnownFileType = sourcecode.c.objc; path = AFNetworkReachabilityManager.m; sourceTree = "<group>"; };
		2FA2EFF41EDEF7580000B823 /* AFSecurityPolicy.h */ = {isa = PBXFileReference; fileEncoding = 4; lastKnownFileType = sourcecode.c.h; path = AFSecurityPolicy.h; sourceTree = "<group>"; };
		2FA2EFF51EDEF7580000B823 /* AFSecurityPolicy.m */ = {isa = PBXFileReference; fileEncoding = 4; lastKnownFileType = sourcecode.c.objc; path = AFSecurityPolicy.m; sourceTree = "<group>"; };
		2FA2EFF61EDEF7580000B823 /* AFURLRequestSerialization.h */ = {isa = PBXFileReference; fileEncoding = 4; lastKnownFileType = sourcecode.c.h; path = AFURLRequestSerialization.h; sourceTree = "<group>"; };
		2FA2EFF71EDEF7580000B823 /* AFURLRequestSerialization.m */ = {isa = PBXFileReference; fileEncoding = 4; lastKnownFileType = sourcecode.c.objc; path = AFURLRequestSerialization.m; sourceTree = "<group>"; };
		2FA2EFF81EDEF7580000B823 /* AFURLResponseSerialization.h */ = {isa = PBXFileReference; fileEncoding = 4; lastKnownFileType = sourcecode.c.h; path = AFURLResponseSerialization.h; sourceTree = "<group>"; };
		2FA2EFF91EDEF7580000B823 /* AFURLResponseSerialization.m */ = {isa = PBXFileReference; fileEncoding = 4; lastKnownFileType = sourcecode.c.objc; path = AFURLResponseSerialization.m; sourceTree = "<group>"; };
		2FA2EFFA1EDEF7580000B823 /* AFURLSessionManager.h */ = {isa = PBXFileReference; fileEncoding = 4; lastKnownFileType = sourcecode.c.h; path = AFURLSessionManager.h; sourceTree = "<group>"; };
		2FA2EFFB1EDEF7580000B823 /* AFURLSessionManager.m */ = {isa = PBXFileReference; fileEncoding = 4; lastKnownFileType = sourcecode.c.objc; path = AFURLSessionManager.m; sourceTree = "<group>"; };
		A35B8EF21EE0078A00BDBEED /* AFAutoPurgingImageCache.h */ = {isa = PBXFileReference; fileEncoding = 4; lastKnownFileType = sourcecode.c.h; path = AFAutoPurgingImageCache.h; sourceTree = "<group>"; };
		A35B8EF31EE0078A00BDBEED /* AFAutoPurgingImageCache.m */ = {isa = PBXFileReference; fileEncoding = 4; lastKnownFileType = sourcecode.c.objc; path = AFAutoPurgingImageCache.m; sourceTree = "<group>"; };
		A35B8EF41EE0078A00BDBEED /* AFImageDownloader.h */ = {isa = PBXFileReference; fileEncoding = 4; lastKnownFileType = sourcecode.c.h; path = AFImageDownloader.h; sourceTree = "<group>"; };
		A35B8EF51EE0078A00BDBEED /* AFImageDownloader.m */ = {isa = PBXFileReference; fileEncoding = 4; lastKnownFileType = sourcecode.c.objc; path = AFImageDownloader.m; sourceTree = "<group>"; };
		A35B8EF61EE0078A00BDBEED /* AFNetworkActivityIndicatorManager.h */ = {isa = PBXFileReference; fileEncoding = 4; lastKnownFileType = sourcecode.c.h; path = AFNetworkActivityIndicatorManager.h; sourceTree = "<group>"; };
		A35B8EF71EE0078A00BDBEED /* AFNetworkActivityIndicatorManager.m */ = {isa = PBXFileReference; fileEncoding = 4; lastKnownFileType = sourcecode.c.objc; path = AFNetworkActivityIndicatorManager.m; sourceTree = "<group>"; };
		A35B8EF81EE0078A00BDBEED /* UIActivityIndicatorView+AFNetworking.h */ = {isa = PBXFileReference; fileEncoding = 4; lastKnownFileType = sourcecode.c.h; path = "UIActivityIndicatorView+AFNetworking.h"; sourceTree = "<group>"; };
		A35B8EF91EE0078A00BDBEED /* UIActivityIndicatorView+AFNetworking.m */ = {isa = PBXFileReference; fileEncoding = 4; lastKnownFileType = sourcecode.c.objc; path = "UIActivityIndicatorView+AFNetworking.m"; sourceTree = "<group>"; };
		A35B8EFA1EE0078A00BDBEED /* UIButton+AFNetworking.h */ = {isa = PBXFileReference; fileEncoding = 4; lastKnownFileType = sourcecode.c.h; path = "UIButton+AFNetworking.h"; sourceTree = "<group>"; };
		A35B8EFB1EE0078A00BDBEED /* UIButton+AFNetworking.m */ = {isa = PBXFileReference; fileEncoding = 4; lastKnownFileType = sourcecode.c.objc; path = "UIButton+AFNetworking.m"; sourceTree = "<group>"; };
		A35B8EFC1EE0078A00BDBEED /* UIImage+AFNetworking.h */ = {isa = PBXFileReference; fileEncoding = 4; lastKnownFileType = sourcecode.c.h; path = "UIImage+AFNetworking.h"; sourceTree = "<group>"; };
		A35B8EFD1EE0078A00BDBEED /* UIImageView+AFNetworking.h */ = {isa = PBXFileReference; fileEncoding = 4; lastKnownFileType = sourcecode.c.h; path = "UIImageView+AFNetworking.h"; sourceTree = "<group>"; };
		A35B8EFE1EE0078A00BDBEED /* UIImageView+AFNetworking.m */ = {isa = PBXFileReference; fileEncoding = 4; lastKnownFileType = sourcecode.c.objc; path = "UIImageView+AFNetworking.m"; sourceTree = "<group>"; };
		A35B8EFF1EE0078A00BDBEED /* UIKit+AFNetworking.h */ = {isa = PBXFileReference; fileEncoding = 4; lastKnownFileType = sourcecode.c.h; path = "UIKit+AFNetworking.h"; sourceTree = "<group>"; };
		A35B8F001EE0078A00BDBEED /* UIProgressView+AFNetworking.h */ = {isa = PBXFileReference; fileEncoding = 4; lastKnownFileType = sourcecode.c.h; path = "UIProgressView+AFNetworking.h"; sourceTree = "<group>"; };
		A35B8F011EE0078A00BDBEED /* UIProgressView+AFNetworking.m */ = {isa = PBXFileReference; fileEncoding = 4; lastKnownFileType = sourcecode.c.objc; path = "UIProgressView+AFNetworking.m"; sourceTree = "<group>"; };
		A35B8F021EE0078A00BDBEED /* UIRefreshControl+AFNetworking.h */ = {isa = PBXFileReference; fileEncoding = 4; lastKnownFileType = sourcecode.c.h; path = "UIRefreshControl+AFNetworking.h"; sourceTree = "<group>"; };
		A35B8F031EE0078A00BDBEED /* UIRefreshControl+AFNetworking.m */ = {isa = PBXFileReference; fileEncoding = 4; lastKnownFileType = sourcecode.c.objc; path = "UIRefreshControl+AFNetworking.m"; sourceTree = "<group>"; };
		A35B8F041EE0078A00BDBEED /* UIWebView+AFNetworking.h */ = {isa = PBXFileReference; fileEncoding = 4; lastKnownFileType = sourcecode.c.h; path = "UIWebView+AFNetworking.h"; sourceTree = "<group>"; };
		A35B8F051EE0078A00BDBEED /* UIWebView+AFNetworking.m */ = {isa = PBXFileReference; fileEncoding = 4; lastKnownFileType = sourcecode.c.objc; path = "UIWebView+AFNetworking.m"; sourceTree = "<group>"; };
		A35B90331EE01AC100BDBEED /* ImageSelectViewController.m */ = {isa = PBXFileReference; fileEncoding = 4; lastKnownFileType = sourcecode.c.objc; path = ImageSelectViewController.m; sourceTree = "<group>"; };
		A35B90351EE01AF600BDBEED /* ImageSelectViewController.h */ = {isa = PBXFileReference; lastKnownFileType = sourcecode.c.h; path = ImageSelectViewController.h; sourceTree = "<group>"; };
		A3D97C7A1EE8120E00061DC5 /* UploadManager.h */ = {isa = PBXFileReference; fileEncoding = 4; lastKnownFileType = sourcecode.c.h; path = UploadManager.h; sourceTree = "<group>"; };
		A3D97C7B1EE8120E00061DC5 /* UploadManager.m */ = {isa = PBXFileReference; fileEncoding = 4; lastKnownFileType = sourcecode.c.objc; path = UploadManager.m; sourceTree = "<group>"; };
/* End PBXFileReference section */

/* Begin PBXFrameworksBuildPhase section */
		2F43EA691EDB00990004D90A /* Frameworks */ = {
			isa = PBXFrameworksBuildPhase;
			buildActionMask = 2147483647;
			files = (
			);
			runOnlyForDeploymentPostprocessing = 0;
		};
		2F43EA821EDB00990004D90A /* Frameworks */ = {
			isa = PBXFrameworksBuildPhase;
			buildActionMask = 2147483647;
			files = (
			);
			runOnlyForDeploymentPostprocessing = 0;
		};
		2F43EA8D1EDB00990004D90A /* Frameworks */ = {
			isa = PBXFrameworksBuildPhase;
			buildActionMask = 2147483647;
			files = (
			);
			runOnlyForDeploymentPostprocessing = 0;
		};
/* End PBXFrameworksBuildPhase section */

/* Begin PBXGroup section */
		2F43EA631EDB00990004D90A = {
			isa = PBXGroup;
			children = (
				2F43EA6E1EDB00990004D90A /* ImageBackUpHelper */,
				2F43EA881EDB00990004D90A /* ImageBackUpHelperTests */,
				2F43EA931EDB00990004D90A /* ImageBackUpHelperUITests */,
				2F43EA6D1EDB00990004D90A /* Products */,
			);
			sourceTree = "<group>";
		};
		2F43EA6D1EDB00990004D90A /* Products */ = {
			isa = PBXGroup;
			children = (
				2F43EA6C1EDB00990004D90A /* ImageBackUpHelper.app */,
				2F43EA851EDB00990004D90A /* ImageBackUpHelperTests.xctest */,
				2F43EA901EDB00990004D90A /* ImageBackUpHelperUITests.xctest */,
			);
			name = Products;
			sourceTree = "<group>";
		};
		2F43EA6E1EDB00990004D90A /* ImageBackUpHelper */ = {
			isa = PBXGroup;
			children = (
				2FA2EFEE1EDEF7580000B823 /* AFNetworking */,
				A35B8EF11EE0078A00BDBEED /* UIKit+AFNetworking */,
				2F4AC6D11EE1B508002AA742 /* PureLayout */,
				2F4AC6671EE1B4FB002AA742 /* CTAssetsPickerController */,
				2F43EA721EDB00990004D90A /* AppDelegate.h */,
				2F43EA731EDB00990004D90A /* AppDelegate.m */,
				2F43EA751EDB00990004D90A /* HomeViewController.h */,
				2F43EA761EDB00990004D90A /* HomeViewController.m */,
				A35B90351EE01AF600BDBEED /* ImageSelectViewController.h */,
				A35B90331EE01AC100BDBEED /* ImageSelectViewController.m */,
				2F3DCFA81EE3EEBF0098AB91 /* SettingViewController.h */,
				2F3DCFA91EE3EEBF0098AB91 /* SettingViewController.m */,
				A3D97C7A1EE8120E00061DC5 /* UploadManager.h */,
				A3D97C7B1EE8120E00061DC5 /* UploadManager.m */,
				2F43EA781EDB00990004D90A /* Main.storyboard */,
				2F43EA7B1EDB00990004D90A /* Assets.xcassets */,
				2F43EA7D1EDB00990004D90A /* LaunchScreen.storyboard */,
				2F43EA801EDB00990004D90A /* Info.plist */,
				2F43EA6F1EDB00990004D90A /* Supporting Files */,
			);
			path = ImageBackUpHelper;
			sourceTree = "<group>";
		};
		2F43EA6F1EDB00990004D90A /* Supporting Files */ = {
			isa = PBXGroup;
			children = (
				2F43EA701EDB00990004D90A /* main.m */,
			);
			name = "Supporting Files";
			sourceTree = "<group>";
		};
		2F43EA881EDB00990004D90A /* ImageBackUpHelperTests */ = {
			isa = PBXGroup;
			children = (
				2F43EA891EDB00990004D90A /* ImageBackUpHelperTests.m */,
				2F43EA8B1EDB00990004D90A /* Info.plist */,
			);
			path = ImageBackUpHelperTests;
			sourceTree = "<group>";
		};
		2F43EA931EDB00990004D90A /* ImageBackUpHelperUITests */ = {
			isa = PBXGroup;
			children = (
				2F43EA941EDB00990004D90A /* ImageBackUpHelperUITests.m */,
				2F43EA961EDB00990004D90A /* Info.plist */,
			);
			path = ImageBackUpHelperUITests;
			sourceTree = "<group>";
		};
		2F4AC6671EE1B4FB002AA742 /* CTAssetsPickerController */ = {
			isa = PBXGroup;
			children = (
				2F4AC6681EE1B4FB002AA742 /* Categories */,
				2F4AC67D1EE1B4FB002AA742 /* CTAssetCheckmark.h */,
				2F4AC67E1EE1B4FB002AA742 /* CTAssetCheckmark.m */,
				2F4AC67F1EE1B4FB002AA742 /* CTAssetCollectionViewCell.h */,
				2F4AC6801EE1B4FB002AA742 /* CTAssetCollectionViewCell.m */,
				2F4AC6811EE1B4FB002AA742 /* CTAssetCollectionViewController.h */,
				2F4AC6821EE1B4FB002AA742 /* CTAssetCollectionViewController.m */,
				2F4AC6831EE1B4FB002AA742 /* CTAssetItemViewController.h */,
				2F4AC6841EE1B4FB002AA742 /* CTAssetItemViewController.m */,
				2F4AC6851EE1B4FB002AA742 /* CTAssetPlayButton.h */,
				2F4AC6861EE1B4FB002AA742 /* CTAssetPlayButton.m */,
				2F4AC6871EE1B4FB002AA742 /* CTAssetScrollView.h */,
				2F4AC6881EE1B4FB002AA742 /* CTAssetScrollView.m */,
				2F4AC6891EE1B4FB002AA742 /* CTAssetSelectionButton.h */,
				2F4AC68A1EE1B4FB002AA742 /* CTAssetSelectionButton.m */,
				2F4AC68B1EE1B4FB002AA742 /* CTAssetSelectionLabel.h */,
				2F4AC68C1EE1B4FB002AA742 /* CTAssetSelectionLabel.m */,
				2F4AC68D1EE1B4FB002AA742 /* CTAssetsGridSelectedView.h */,
				2F4AC68E1EE1B4FB002AA742 /* CTAssetsGridSelectedView.m */,
				2F4AC68F1EE1B4FB002AA742 /* CTAssetsGridView.h */,
				2F4AC6901EE1B4FB002AA742 /* CTAssetsGridView.m */,
				2F4AC6911EE1B4FB002AA742 /* CTAssetsGridViewCell.h */,
				2F4AC6921EE1B4FB002AA742 /* CTAssetsGridViewCell.m */,
				2F4AC6931EE1B4FB002AA742 /* CTAssetsGridViewController.h */,
				2F4AC6941EE1B4FB002AA742 /* CTAssetsGridViewController.m */,
				2F4AC6951EE1B4FB002AA742 /* CTAssetsGridViewFooter.h */,
				2F4AC6961EE1B4FB002AA742 /* CTAssetsGridViewFooter.m */,
				2F4AC6971EE1B4FB002AA742 /* CTAssetsGridViewLayout.h */,
				2F4AC6981EE1B4FB002AA742 /* CTAssetsGridViewLayout.m */,
				2F4AC6991EE1B4FB002AA742 /* CTAssetsNavigationController.h */,
				2F4AC69A1EE1B4FB002AA742 /* CTAssetsNavigationController.m */,
				2F4AC69B1EE1B4FB002AA742 /* CTAssetsPageView.h */,
				2F4AC69C1EE1B4FB002AA742 /* CTAssetsPageView.m */,
				2F4AC69D1EE1B4FB002AA742 /* CTAssetsPageViewController.h */,
				2F4AC69E1EE1B4FB002AA742 /* CTAssetsPageViewController.m */,
				2F4AC69F1EE1B4FB002AA742 /* CTAssetsPickerAccessDeniedView.h */,
				2F4AC6A01EE1B4FB002AA742 /* CTAssetsPickerAccessDeniedView.m */,
				2F4AC6A11EE1B4FB002AA742 /* CTAssetsPickerController.bundle */,
				2F4AC6A21EE1B4FC002AA742 /* CTAssetsPickerController.h */,
				2F4AC6A31EE1B4FC002AA742 /* CTAssetsPickerController.m */,
				2F4AC6A41EE1B4FC002AA742 /* CTAssetsPickerDefines.h */,
				2F4AC6A51EE1B4FC002AA742 /* CTAssetsPickerNoAssetsView.h */,
				2F4AC6A61EE1B4FC002AA742 /* CTAssetsPickerNoAssetsView.m */,
				2F4AC6A71EE1B4FC002AA742 /* CTAssetsViewControllerTransition.h */,
				2F4AC6A81EE1B4FC002AA742 /* CTAssetsViewControllerTransition.m */,
				2F4AC6A91EE1B4FC002AA742 /* CTAssetThumbnailOverlay.h */,
				2F4AC6AA1EE1B4FC002AA742 /* CTAssetThumbnailOverlay.m */,
				2F4AC6AB1EE1B4FC002AA742 /* CTAssetThumbnailStacks.h */,
				2F4AC6AC1EE1B4FC002AA742 /* CTAssetThumbnailStacks.m */,
				2F4AC6AD1EE1B4FC002AA742 /* CTAssetThumbnailView.h */,
				2F4AC6AE1EE1B4FC002AA742 /* CTAssetThumbnailView.m */,
			);
			path = CTAssetsPickerController;
			sourceTree = "<group>";
		};
		2F4AC6681EE1B4FB002AA742 /* Categories */ = {
			isa = PBXGroup;
			children = (
				2F4AC6691EE1B4FB002AA742 /* CTAssetsPageViewController+Internal.h */,
				2F4AC66A1EE1B4FB002AA742 /* CTAssetsPickerController+Internal.h */,
				2F4AC66B1EE1B4FB002AA742 /* NSBundle+CTAssetsPickerController.h */,
				2F4AC66C1EE1B4FB002AA742 /* NSBundle+CTAssetsPickerController.m */,
				2F4AC66D1EE1B4FB002AA742 /* NSDateFormatter+CTAssetsPickerController.h */,
				2F4AC66E1EE1B4FB002AA742 /* NSDateFormatter+CTAssetsPickerController.m */,
				2F4AC66F1EE1B4FB002AA742 /* NSIndexSet+CTAssetsPickerController.h */,
				2F4AC6701EE1B4FB002AA742 /* NSIndexSet+CTAssetsPickerController.m */,
				2F4AC6711EE1B4FB002AA742 /* NSNumberFormatter+CTAssetsPickerController.h */,
				2F4AC6721EE1B4FB002AA742 /* NSNumberFormatter+CTAssetsPickerController.m */,
				2F4AC6731EE1B4FB002AA742 /* PHAsset+CTAssetsPickerController.h */,
				2F4AC6741EE1B4FB002AA742 /* PHAsset+CTAssetsPickerController.m */,
				2F4AC6751EE1B4FB002AA742 /* PHAssetCollection+CTAssetsPickerController.h */,
				2F4AC6761EE1B4FB002AA742 /* PHAssetCollection+CTAssetsPickerController.m */,
				2F4AC6771EE1B4FB002AA742 /* PHImageManager+CTAssetsPickerController.h */,
				2F4AC6781EE1B4FB002AA742 /* PHImageManager+CTAssetsPickerController.m */,
				2F4AC6791EE1B4FB002AA742 /* UICollectionView+CTAssetsPickerController.h */,
				2F4AC67A1EE1B4FB002AA742 /* UICollectionView+CTAssetsPickerController.m */,
				2F4AC67B1EE1B4FB002AA742 /* UIImage+CTAssetsPickerController.h */,
				2F4AC67C1EE1B4FB002AA742 /* UIImage+CTAssetsPickerController.m */,
			);
			path = Categories;
			sourceTree = "<group>";
		};
		2F4AC6D11EE1B508002AA742 /* PureLayout */ = {
			isa = PBXGroup;
			children = (
				2F4AC6D21EE1B508002AA742 /* ALView+PureLayout.h */,
				2F4AC6D31EE1B508002AA742 /* ALView+PureLayout.m */,
				2F4AC6D41EE1B508002AA742 /* NSArray+PureLayout.h */,
				2F4AC6D51EE1B508002AA742 /* NSArray+PureLayout.m */,
				2F4AC6D61EE1B508002AA742 /* NSLayoutConstraint+PureLayout.h */,
				2F4AC6D71EE1B508002AA742 /* NSLayoutConstraint+PureLayout.m */,
				2F4AC6D81EE1B508002AA742 /* PureLayout+Internal.h */,
				2F4AC6D91EE1B508002AA742 /* PureLayout.h */,
				2F4AC6DA1EE1B508002AA742 /* PureLayoutDefines.h */,
			);
			path = PureLayout;
			sourceTree = "<group>";
		};
		2FA2EFEE1EDEF7580000B823 /* AFNetworking */ = {
			isa = PBXGroup;
			children = (
				2FA2EFEF1EDEF7580000B823 /* AFHTTPSessionManager.h */,
				2FA2EFF01EDEF7580000B823 /* AFHTTPSessionManager.m */,
				2FA2EFF11EDEF7580000B823 /* AFNetworking.h */,
				2FA2EFF21EDEF7580000B823 /* AFNetworkReachabilityManager.h */,
				2FA2EFF31EDEF7580000B823 /* AFNetworkReachabilityManager.m */,
				2FA2EFF41EDEF7580000B823 /* AFSecurityPolicy.h */,
				2FA2EFF51EDEF7580000B823 /* AFSecurityPolicy.m */,
				2FA2EFF61EDEF7580000B823 /* AFURLRequestSerialization.h */,
				2FA2EFF71EDEF7580000B823 /* AFURLRequestSerialization.m */,
				2FA2EFF81EDEF7580000B823 /* AFURLResponseSerialization.h */,
				2FA2EFF91EDEF7580000B823 /* AFURLResponseSerialization.m */,
				2FA2EFFA1EDEF7580000B823 /* AFURLSessionManager.h */,
				2FA2EFFB1EDEF7580000B823 /* AFURLSessionManager.m */,
			);
			path = AFNetworking;
			sourceTree = "<group>";
		};
		A35B8EF11EE0078A00BDBEED /* UIKit+AFNetworking */ = {
			isa = PBXGroup;
			children = (
				A35B8EF21EE0078A00BDBEED /* AFAutoPurgingImageCache.h */,
				A35B8EF31EE0078A00BDBEED /* AFAutoPurgingImageCache.m */,
				A35B8EF41EE0078A00BDBEED /* AFImageDownloader.h */,
				A35B8EF51EE0078A00BDBEED /* AFImageDownloader.m */,
				A35B8EF61EE0078A00BDBEED /* AFNetworkActivityIndicatorManager.h */,
				A35B8EF71EE0078A00BDBEED /* AFNetworkActivityIndicatorManager.m */,
				A35B8EF81EE0078A00BDBEED /* UIActivityIndicatorView+AFNetworking.h */,
				A35B8EF91EE0078A00BDBEED /* UIActivityIndicatorView+AFNetworking.m */,
				A35B8EFA1EE0078A00BDBEED /* UIButton+AFNetworking.h */,
				A35B8EFB1EE0078A00BDBEED /* UIButton+AFNetworking.m */,
				A35B8EFC1EE0078A00BDBEED /* UIImage+AFNetworking.h */,
				A35B8EFD1EE0078A00BDBEED /* UIImageView+AFNetworking.h */,
				A35B8EFE1EE0078A00BDBEED /* UIImageView+AFNetworking.m */,
				A35B8EFF1EE0078A00BDBEED /* UIKit+AFNetworking.h */,
				A35B8F001EE0078A00BDBEED /* UIProgressView+AFNetworking.h */,
				A35B8F011EE0078A00BDBEED /* UIProgressView+AFNetworking.m */,
				A35B8F021EE0078A00BDBEED /* UIRefreshControl+AFNetworking.h */,
				A35B8F031EE0078A00BDBEED /* UIRefreshControl+AFNetworking.m */,
				A35B8F041EE0078A00BDBEED /* UIWebView+AFNetworking.h */,
				A35B8F051EE0078A00BDBEED /* UIWebView+AFNetworking.m */,
			);
			path = "UIKit+AFNetworking";
			sourceTree = "<group>";
		};
/* End PBXGroup section */

/* Begin PBXNativeTarget section */
		2F43EA6B1EDB00990004D90A /* ImageBackUpHelper */ = {
			isa = PBXNativeTarget;
			buildConfigurationList = 2F43EA991EDB00990004D90A /* Build configuration list for PBXNativeTarget "ImageBackUpHelper" */;
			buildPhases = (
				2F43EA681EDB00990004D90A /* Sources */,
				2F43EA691EDB00990004D90A /* Frameworks */,
				2F43EA6A1EDB00990004D90A /* Resources */,
			);
			buildRules = (
			);
			dependencies = (
			);
			name = ImageBackUpHelper;
			productName = ImageBackUpHelper;
			productReference = 2F43EA6C1EDB00990004D90A /* ImageBackUpHelper.app */;
			productType = "com.apple.product-type.application";
		};
		2F43EA841EDB00990004D90A /* ImageBackUpHelperTests */ = {
			isa = PBXNativeTarget;
			buildConfigurationList = 2F43EA9C1EDB00990004D90A /* Build configuration list for PBXNativeTarget "ImageBackUpHelperTests" */;
			buildPhases = (
				2F43EA811EDB00990004D90A /* Sources */,
				2F43EA821EDB00990004D90A /* Frameworks */,
				2F43EA831EDB00990004D90A /* Resources */,
			);
			buildRules = (
			);
			dependencies = (
				2F43EA871EDB00990004D90A /* PBXTargetDependency */,
			);
			name = ImageBackUpHelperTests;
			productName = ImageBackUpHelperTests;
			productReference = 2F43EA851EDB00990004D90A /* ImageBackUpHelperTests.xctest */;
			productType = "com.apple.product-type.bundle.unit-test";
		};
		2F43EA8F1EDB00990004D90A /* ImageBackUpHelperUITests */ = {
			isa = PBXNativeTarget;
			buildConfigurationList = 2F43EA9F1EDB00990004D90A /* Build configuration list for PBXNativeTarget "ImageBackUpHelperUITests" */;
			buildPhases = (
				2F43EA8C1EDB00990004D90A /* Sources */,
				2F43EA8D1EDB00990004D90A /* Frameworks */,
				2F43EA8E1EDB00990004D90A /* Resources */,
			);
			buildRules = (
			);
			dependencies = (
				2F43EA921EDB00990004D90A /* PBXTargetDependency */,
			);
			name = ImageBackUpHelperUITests;
			productName = ImageBackUpHelperUITests;
			productReference = 2F43EA901EDB00990004D90A /* ImageBackUpHelperUITests.xctest */;
			productType = "com.apple.product-type.bundle.ui-testing";
		};
/* End PBXNativeTarget section */

/* Begin PBXProject section */
		2F43EA641EDB00990004D90A /* Project object */ = {
			isa = PBXProject;
			attributes = {
				LastUpgradeCheck = 0820;
				ORGANIZATIONNAME = AillieoTech;
				TargetAttributes = {
					2F43EA6B1EDB00990004D90A = {
						CreatedOnToolsVersion = 8.2.1;
						DevelopmentTeam = PV5EAJ7Z55;
						ProvisioningStyle = Automatic;
					};
					2F43EA841EDB00990004D90A = {
						CreatedOnToolsVersion = 8.2.1;
						DevelopmentTeam = PV5EAJ7Z55;
						ProvisioningStyle = Automatic;
						TestTargetID = 2F43EA6B1EDB00990004D90A;
					};
					2F43EA8F1EDB00990004D90A = {
						CreatedOnToolsVersion = 8.2.1;
						DevelopmentTeam = PV5EAJ7Z55;
						ProvisioningStyle = Automatic;
						TestTargetID = 2F43EA6B1EDB00990004D90A;
					};
				};
			};
			buildConfigurationList = 2F43EA671EDB00990004D90A /* Build configuration list for PBXProject "ImageBackUpHelper" */;
			compatibilityVersion = "Xcode 3.2";
			developmentRegion = English;
			hasScannedForEncodings = 0;
			knownRegions = (
				en,
				Base,
				ar,
				da,
				de,
				"es-MX",
				es,
				fi,
				fr,
				he,
				"hi-IN",
				hu,
				id,
				it,
				ja,
				ko,
				"nl-NL",
				nl,
				"pt-PT",
				pt,
				ru,
				sv,
				tr,
				"zh-Hans",
				"zh-Hant",
			);
			mainGroup = 2F43EA631EDB00990004D90A;
			productRefGroup = 2F43EA6D1EDB00990004D90A /* Products */;
			projectDirPath = "";
			projectRoot = "";
			targets = (
				2F43EA6B1EDB00990004D90A /* ImageBackUpHelper */,
				2F43EA841EDB00990004D90A /* ImageBackUpHelperTests */,
				2F43EA8F1EDB00990004D90A /* ImageBackUpHelperUITests */,
			);
		};
/* End PBXProject section */

/* Begin PBXResourcesBuildPhase section */
		2F43EA6A1EDB00990004D90A /* Resources */ = {
			isa = PBXResourcesBuildPhase;
			buildActionMask = 2147483647;
			files = (
				2F43EA7F1EDB00990004D90A /* LaunchScreen.storyboard in Resources */,
				2F43EA7C1EDB00990004D90A /* Assets.xcassets in Resources */,
				2F43EA7A1EDB00990004D90A /* Main.storyboard in Resources */,
				2F4AC6CA1EE1B4FC002AA742 /* CTAssetsPickerController.bundle in Resources */,
			);
			runOnlyForDeploymentPostprocessing = 0;
		};
		2F43EA831EDB00990004D90A /* Resources */ = {
			isa = PBXResourcesBuildPhase;
			buildActionMask = 2147483647;
			files = (
			);
			runOnlyForDeploymentPostprocessing = 0;
		};
		2F43EA8E1EDB00990004D90A /* Resources */ = {
			isa = PBXResourcesBuildPhase;
			buildActionMask = 2147483647;
			files = (
			);
			runOnlyForDeploymentPostprocessing = 0;
		};
/* End PBXResourcesBuildPhase section */

/* Begin PBXSourcesBuildPhase section */
		2F43EA681EDB00990004D90A /* Sources */ = {
			isa = PBXSourcesBuildPhase;
			buildActionMask = 2147483647;
			files = (
				2F4AC6B21EE1B4FC002AA742 /* NSNumberFormatter+CTAssetsPickerController.m in Sources */,
				2F4AC6C41EE1B4FC002AA742 /* CTAssetsGridViewFooter.m in Sources */,
				2F4AC6B11EE1B4FC002AA742 /* NSIndexSet+CTAssetsPickerController.m in Sources */,
				2F4AC6B91EE1B4FC002AA742 /* CTAssetCollectionViewCell.m in Sources */,
				2F4AC6B01EE1B4FC002AA742 /* NSDateFormatter+CTAssetsPickerController.m in Sources */,
				A35B8F0C1EE0078A00BDBEED /* UIProgressView+AFNetworking.m in Sources */,
				2F4AC6B31EE1B4FC002AA742 /* PHAsset+CTAssetsPickerController.m in Sources */,
				2F4AC6BC1EE1B4FC002AA742 /* CTAssetPlayButton.m in Sources */,
				2FA2F0011EDEF7580000B823 /* AFURLSessionManager.m in Sources */,
				2F4AC6BE1EE1B4FC002AA742 /* CTAssetSelectionButton.m in Sources */,
				2F4AC6B41EE1B4FC002AA742 /* PHAssetCollection+CTAssetsPickerController.m in Sources */,
				2F4AC6CF1EE1B4FC002AA742 /* CTAssetThumbnailStacks.m in Sources */,
				A35B8F0E1EE0078A00BDBEED /* UIWebView+AFNetworking.m in Sources */,
				A35B8F0B1EE0078A00BDBEED /* UIImageView+AFNetworking.m in Sources */,
				2F4AC6C81EE1B4FC002AA742 /* CTAssetsPageViewController.m in Sources */,
				2F43EA771EDB00990004D90A /* HomeViewController.m in Sources */,
				A35B8F0A1EE0078A00BDBEED /* UIButton+AFNetworking.m in Sources */,
				2F43EA741EDB00990004D90A /* AppDelegate.m in Sources */,
				2FA2EFFD1EDEF7580000B823 /* AFNetworkReachabilityManager.m in Sources */,
				2F4AC6B71EE1B4FC002AA742 /* UIImage+CTAssetsPickerController.m in Sources */,
				A35B8F0D1EE0078A00BDBEED /* UIRefreshControl+AFNetworking.m in Sources */,
				2F4AC6C11EE1B4FC002AA742 /* CTAssetsGridView.m in Sources */,
				2F43EA711EDB00990004D90A /* main.m in Sources */,
				2F4AC6BF1EE1B4FC002AA742 /* CTAssetSelectionLabel.m in Sources */,
				A35B8F061EE0078A00BDBEED /* AFAutoPurgingImageCache.m in Sources */,
				2F4AC6C71EE1B4FC002AA742 /* CTAssetsPageView.m in Sources */,
				2F4AC6DD1EE1B508002AA742 /* NSLayoutConstraint+PureLayout.m in Sources */,
				2F4AC6BD1EE1B4FC002AA742 /* CTAssetScrollView.m in Sources */,
				2F4AC6CC1EE1B4FC002AA742 /* CTAssetsPickerNoAssetsView.m in Sources */,
				2F4AC6BA1EE1B4FC002AA742 /* CTAssetCollectionViewController.m in Sources */,
				2FA2EFFE1EDEF7580000B823 /* AFSecurityPolicy.m in Sources */,
				2F3DCFAA1EE3EEBF0098AB91 /* SettingViewController.m in Sources */,
				2F4AC6AF1EE1B4FC002AA742 /* NSBundle+CTAssetsPickerController.m in Sources */,
				2FA2EFFF1EDEF7580000B823 /* AFURLRequestSerialization.m in Sources */,
				2F4AC6B51EE1B4FC002AA742 /* PHImageManager+CTAssetsPickerController.m in Sources */,
				A35B8F081EE0078A00BDBEED /* AFNetworkActivityIndicatorManager.m in Sources */,
				2F4AC6DC1EE1B508002AA742 /* NSArray+PureLayout.m in Sources */,
				2F4AC6C51EE1B4FC002AA742 /* CTAssetsGridViewLayout.m in Sources */,
				2F4AC6CD1EE1B4FC002AA742 /* CTAssetsViewControllerTransition.m in Sources */,
				2FA2F0001EDEF7580000B823 /* AFURLResponseSerialization.m in Sources */,
				2F4AC6C01EE1B4FC002AA742 /* CTAssetsGridSelectedView.m in Sources */,
				2F4AC6C21EE1B4FC002AA742 /* CTAssetsGridViewCell.m in Sources */,
				2FA2EFFC1EDEF7580000B823 /* AFHTTPSessionManager.m in Sources */,
				A3D97C7C1EE8120E00061DC5 /* UploadManager.m in Sources */,
				2F4AC6CE1EE1B4FC002AA742 /* CTAssetThumbnailOverlay.m in Sources */,
				A35B90341EE01AC100BDBEED /* ImageSelectViewController.m in Sources */,
				2F4AC6C61EE1B4FC002AA742 /* CTAssetsNavigationController.m in Sources */,
				2F4AC6D01EE1B4FC002AA742 /* CTAssetThumbnailView.m in Sources */,
				2F4AC6DB1EE1B508002AA742 /* ALView+PureLayout.m in Sources */,
				2F4AC6CB1EE1B4FC002AA742 /* CTAssetsPickerController.m in Sources */,
				2F4AC6BB1EE1B4FC002AA742 /* CTAssetItemViewController.m in Sources */,
				2F4AC6B81EE1B4FC002AA742 /* CTAssetCheckmark.m in Sources */,
				A35B8F071EE0078A00BDBEED /* AFImageDownloader.m in Sources */,
				2F4AC6C91EE1B4FC002AA742 /* CTAssetsPickerAccessDeniedView.m in Sources */,
				A35B8F091EE0078A00BDBEED /* UIActivityIndicatorView+AFNetworking.m in Sources */,
				2F4AC6C31EE1B4FC002AA742 /* CTAssetsGridViewController.m in Sources */,
				2F4AC6B61EE1B4FC002AA742 /* UICollectionView+CTAssetsPickerController.m in Sources */,
			);
			runOnlyForDeploymentPostprocessing = 0;
		};
		2F43EA811EDB00990004D90A /* Sources */ = {
			isa = PBXSourcesBuildPhase;
			buildActionMask = 2147483647;
			files = (
				2F43EA8A1EDB00990004D90A /* ImageBackUpHelperTests.m in Sources */,
			);
			runOnlyForDeploymentPostprocessing = 0;
		};
		2F43EA8C1EDB00990004D90A /* Sources */ = {
			isa = PBXSourcesBuildPhase;
			buildActionMask = 2147483647;
			files = (
				2F43EA951EDB00990004D90A /* ImageBackUpHelperUITests.m in Sources */,
			);
			runOnlyForDeploymentPostprocessing = 0;
		};
/* End PBXSourcesBuildPhase section */

/* Begin PBXTargetDependency section */
		2F43EA871EDB00990004D90A /* PBXTargetDependency */ = {
			isa = PBXTargetDependency;
			target = 2F43EA6B1EDB00990004D90A /* ImageBackUpHelper */;
			targetProxy = 2F43EA861EDB00990004D90A /* PBXContainerItemProxy */;
		};
		2F43EA921EDB00990004D90A /* PBXTargetDependency */ = {
			isa = PBXTargetDependency;
			target = 2F43EA6B1EDB00990004D90A /* ImageBackUpHelper */;
			targetProxy = 2F43EA911EDB00990004D90A /* PBXContainerItemProxy */;
		};
/* End PBXTargetDependency section */

/* Begin PBXVariantGroup section */
		2F43EA781EDB00990004D90A /* Main.storyboard */ = {
			isa = PBXVariantGroup;
			children = (
				2F43EA791EDB00990004D90A /* Base */,
			);
			name = Main.storyboard;
			sourceTree = "<group>";
		};
		2F43EA7D1EDB00990004D90A /* LaunchScreen.storyboard */ = {
			isa = PBXVariantGroup;
			children = (
				2F43EA7E1EDB00990004D90A /* Base */,
			);
			name = LaunchScreen.storyboard;
			sourceTree = "<group>";
		};
/* End PBXVariantGroup section */

/* Begin XCBuildConfiguration section */
		2F43EA971EDB00990004D90A /* Debug */ = {
			isa = XCBuildConfiguration;
			buildSettings = {
				ALWAYS_SEARCH_USER_PATHS = NO;
				CLANG_ANALYZER_NONNULL = YES;
				CLANG_CXX_LANGUAGE_STANDARD = "gnu++0x";
				CLANG_CXX_LIBRARY = "libc++";
				CLANG_ENABLE_MODULES = YES;
				CLANG_ENABLE_OBJC_ARC = YES;
				CLANG_WARN_BOOL_CONVERSION = YES;
				CLANG_WARN_CONSTANT_CONVERSION = YES;
				CLANG_WARN_DIRECT_OBJC_ISA_USAGE = YES_ERROR;
				CLANG_WARN_DOCUMENTATION_COMMENTS = YES;
				CLANG_WARN_EMPTY_BODY = YES;
				CLANG_WARN_ENUM_CONVERSION = YES;
				CLANG_WARN_INFINITE_RECURSION = YES;
				CLANG_WARN_INT_CONVERSION = YES;
				CLANG_WARN_OBJC_ROOT_CLASS = YES_ERROR;
				CLANG_WARN_SUSPICIOUS_MOVE = YES;
				CLANG_WARN_UNREACHABLE_CODE = YES;
				CLANG_WARN__DUPLICATE_METHOD_MATCH = YES;
				"CODE_SIGN_IDENTITY[sdk=iphoneos*]" = "iPhone Developer";
				COPY_PHASE_STRIP = NO;
				DEBUG_INFORMATION_FORMAT = dwarf;
				ENABLE_STRICT_OBJC_MSGSEND = YES;
				ENABLE_TESTABILITY = YES;
				GCC_C_LANGUAGE_STANDARD = gnu99;
				GCC_DYNAMIC_NO_PIC = NO;
				GCC_NO_COMMON_BLOCKS = YES;
				GCC_OPTIMIZATION_LEVEL = 0;
				GCC_PREPROCESSOR_DEFINITIONS = (
					"DEBUG=1",
					"$(inherited)",
				);
				GCC_WARN_64_TO_32_BIT_CONVERSION = YES;
				GCC_WARN_ABOUT_RETURN_TYPE = YES_ERROR;
				GCC_WARN_UNDECLARED_SELECTOR = YES;
				GCC_WARN_UNINITIALIZED_AUTOS = YES_AGGRESSIVE;
				GCC_WARN_UNUSED_FUNCTION = YES;
				GCC_WARN_UNUSED_VARIABLE = YES;
				IPHONEOS_DEPLOYMENT_TARGET = 10.2;
				MTL_ENABLE_DEBUG_INFO = YES;
				ONLY_ACTIVE_ARCH = YES;
				SDKROOT = iphoneos;
				TARGETED_DEVICE_FAMILY = "1,2";
			};
			name = Debug;
		};
		2F43EA981EDB00990004D90A /* Release */ = {
			isa = XCBuildConfiguration;
			buildSettings = {
				ALWAYS_SEARCH_USER_PATHS = NO;
				CLANG_ANALYZER_NONNULL = YES;
				CLANG_CXX_LANGUAGE_STANDARD = "gnu++0x";
				CLANG_CXX_LIBRARY = "libc++";
				CLANG_ENABLE_MODULES = YES;
				CLANG_ENABLE_OBJC_ARC = YES;
				CLANG_WARN_BOOL_CONVERSION = YES;
				CLANG_WARN_CONSTANT_CONVERSION = YES;
				CLANG_WARN_DIRECT_OBJC_ISA_USAGE = YES_ERROR;
				CLANG_WARN_DOCUMENTATION_COMMENTS = YES;
				CLANG_WARN_EMPTY_BODY = YES;
				CLANG_WARN_ENUM_CONVERSION = YES;
				CLANG_WARN_INFINITE_RECURSION = YES;
				CLANG_WARN_INT_CONVERSION = YES;
				CLANG_WARN_OBJC_ROOT_CLASS = YES_ERROR;
				CLANG_WARN_SUSPICIOUS_MOVE = YES;
				CLANG_WARN_UNREACHABLE_CODE = YES;
				CLANG_WARN__DUPLICATE_METHOD_MATCH = YES;
				"CODE_SIGN_IDENTITY[sdk=iphoneos*]" = "iPhone Developer";
				COPY_PHASE_STRIP = NO;
				DEBUG_INFORMATION_FORMAT = "dwarf-with-dsym";
				ENABLE_NS_ASSERTIONS = NO;
				ENABLE_STRICT_OBJC_MSGSEND = YES;
				GCC_C_LANGUAGE_STANDARD = gnu99;
				GCC_NO_COMMON_BLOCKS = YES;
				GCC_WARN_64_TO_32_BIT_CONVERSION = YES;
				GCC_WARN_ABOUT_RETURN_TYPE = YES_ERROR;
				GCC_WARN_UNDECLARED_SELECTOR = YES;
				GCC_WARN_UNINITIALIZED_AUTOS = YES_AGGRESSIVE;
				GCC_WARN_UNUSED_FUNCTION = YES;
				GCC_WARN_UNUSED_VARIABLE = YES;
				IPHONEOS_DEPLOYMENT_TARGET = 10.2;
				MTL_ENABLE_DEBUG_INFO = NO;
				SDKROOT = iphoneos;
				TARGETED_DEVICE_FAMILY = "1,2";
				VALIDATE_PRODUCT = YES;
			};
			name = Release;
		};
		2F43EA9A1EDB00990004D90A /* Debug */ = {
			isa = XCBuildConfiguration;
			buildSettings = {
				ASSETCATALOG_COMPILER_APPICON_NAME = AppIcon;
				DEVELOPMENT_TEAM = PV5EAJ7Z55;
				HEADER_SEARCH_PATHS = ImageBackUpHelper/;
				INFOPLIST_FILE = ImageBackUpHelper/Info.plist;
				LD_RUNPATH_SEARCH_PATHS = "$(inherited) @executable_path/Frameworks";
				PRODUCT_BUNDLE_IDENTIFIER = com.aillieo.ImageBackUpHelper;
				PRODUCT_NAME = "$(TARGET_NAME)";
				SDKROOT = iphoneos10.2;
			};
			name = Debug;
		};
		2F43EA9B1EDB00990004D90A /* Release */ = {
			isa = XCBuildConfiguration;
			buildSettings = {
				ASSETCATALOG_COMPILER_APPICON_NAME = AppIcon;
				DEVELOPMENT_TEAM = PV5EAJ7Z55;
				HEADER_SEARCH_PATHS = ImageBackUpHelper/;
				INFOPLIST_FILE = ImageBackUpHelper/Info.plist;
				LD_RUNPATH_SEARCH_PATHS = "$(inherited) @executable_path/Frameworks";
				PRODUCT_BUNDLE_IDENTIFIER = com.aillieo.ImageBackUpHelper;
				PRODUCT_NAME = "$(TARGET_NAME)";
				SDKROOT = iphoneos10.2;
			};
			name = Release;
		};
		2F43EA9D1EDB00990004D90A /* Debug */ = {
			isa = XCBuildConfiguration;
			buildSettings = {
				BUNDLE_LOADER = "$(TEST_HOST)";
				DEVELOPMENT_TEAM = PV5EAJ7Z55;
				INFOPLIST_FILE = ImageBackUpHelperTests/Info.plist;
				LD_RUNPATH_SEARCH_PATHS = "$(inherited) @executable_path/Frameworks @loader_path/Frameworks";
				PRODUCT_BUNDLE_IDENTIFIER = com.aillieo.ImageBackUpHelperTests;
				PRODUCT_NAME = "$(TARGET_NAME)";
				TEST_HOST = "$(BUILT_PRODUCTS_DIR)/ImageBackUpHelper.app/ImageBackUpHelper";
			};
			name = Debug;
		};
		2F43EA9E1EDB00990004D90A /* Release */ = {
			isa = XCBuildConfiguration;
			buildSettings = {
				BUNDLE_LOADER = "$(TEST_HOST)";
				DEVELOPMENT_TEAM = PV5EAJ7Z55;
				INFOPLIST_FILE = ImageBackUpHelperTests/Info.plist;
				LD_RUNPATH_SEARCH_PATHS = "$(inherited) @executable_path/Frameworks @loader_path/Frameworks";
				PRODUCT_BUNDLE_IDENTIFIER = com.aillieo.ImageBackUpHelperTests;
				PRODUCT_NAME = "$(TARGET_NAME)";
				TEST_HOST = "$(BUILT_PRODUCTS_DIR)/ImageBackUpHelper.app/ImageBackUpHelper";
			};
			name = Release;
		};
		2F43EAA01EDB00990004D90A /* Debug */ = {
			isa = XCBuildConfiguration;
			buildSettings = {
				DEVELOPMENT_TEAM = PV5EAJ7Z55;
				INFOPLIST_FILE = ImageBackUpHelperUITests/Info.plist;
				LD_RUNPATH_SEARCH_PATHS = "$(inherited) @executable_path/Frameworks @loader_path/Frameworks";
				PRODUCT_BUNDLE_IDENTIFIER = com.aillieo.ImageBackUpHelperUITests;
				PRODUCT_NAME = "$(TARGET_NAME)";
				TEST_TARGET_NAME = ImageBackUpHelper;
			};
			name = Debug;
		};
		2F43EAA11EDB00990004D90A /* Release */ = {
			isa = XCBuildConfiguration;
			buildSettings = {
				DEVELOPMENT_TEAM = PV5EAJ7Z55;
				INFOPLIST_FILE = ImageBackUpHelperUITests/Info.plist;
				LD_RUNPATH_SEARCH_PATHS = "$(inherited) @executable_path/Frameworks @loader_path/Frameworks";
				PRODUCT_BUNDLE_IDENTIFIER = com.aillieo.ImageBackUpHelperUITests;
				PRODUCT_NAME = "$(TARGET_NAME)";
				TEST_TARGET_NAME = ImageBackUpHelper;
			};
			name = Release;
		};
/* End XCBuildConfiguration section */

/* Begin XCConfigurationList section */
		2F43EA671EDB00990004D90A /* Build configuration list for PBXProject "ImageBackUpHelper" */ = {
			isa = XCConfigurationList;
			buildConfigurations = (
				2F43EA971EDB00990004D90A /* Debug */,
				2F43EA981EDB00990004D90A /* Release */,
			);
			defaultConfigurationIsVisible = 0;
			defaultConfigurationName = Release;
		};
		2F43EA991EDB00990004D90A /* Build configuration list for PBXNativeTarget "ImageBackUpHelper" */ = {
			isa = XCConfigurationList;
			buildConfigurations = (
				2F43EA9A1EDB00990004D90A /* Debug */,
				2F43EA9B1EDB00990004D90A /* Release */,
			);
			defaultConfigurationIsVisible = 0;
			defaultConfigurationName = Release;
		};
		2F43EA9C1EDB00990004D90A /* Build configuration list for PBXNativeTarget "ImageBackUpHelperTests" */ = {
			isa = XCConfigurationList;
			buildConfigurations = (
				2F43EA9D1EDB00990004D90A /* Debug */,
				2F43EA9E1EDB00990004D90A /* Release */,
			);
			defaultConfigurationIsVisible = 0;
			defaultConfigurationName = Release;
		};
		2F43EA9F1EDB00990004D90A /* Build configuration list for PBXNativeTarget "ImageBackUpHelperUITests" */ = {
			isa = XCConfigurationList;
			buildConfigurations = (
				2F43EAA01EDB00990004D90A /* Debug */,
				2F43EAA11EDB00990004D90A /* Release */,
			);
			defaultConfigurationIsVisible = 0;
			defaultConfigurationName = Release;
		};
/* End XCConfigurationList section */
	};
	rootObject = 2F43EA641EDB00990004D90A /* Project object */;
}
